
Microsoft Visual Studio Solution File, Format Version 12.00
# Visual Studio Version 17
VisualStudioVersion = 17.11.35327.3
MinimumVisualStudioVersion = 10.0.40219.1
Project("{FAE04EC0-301F-11D3-BF4B-00C04F79EFBC}") = "IS_FootballClub", "IS_FootballClub.csproj", "{C126D5A8-62A7-4A45-878D-1FC5D1ECACC6}"
EndProject
Global
	GlobalSection(SolutionConfigurationPlatforms) = preSolution
		Debug|Any CPU = Debug|Any CPU
		Release|Any CPU = Release|Any CPU
	EndGlobalSection
	GlobalSection(ProjectConfigurationPlatforms) = postSolution
		{C126D5A8-62A7-4A45-878D-1FC5D1ECACC6}.Debug|Any CPU.ActiveCfg = Debug|Any CPU
		{C126D5A8-62A7-4A45-878D-1FC5D1ECACC6}.Debug|Any CPU.Build.0 = Debug|Any CPU
		{C126D5A8-62A7-4A45-878D-1FC5D1ECACC6}.Release|Any CPU.ActiveCfg = Release|Any CPU
		{C126D5A8-62A7-4A45-878D-1FC5D1ECACC6}.Release|Any CPU.Build.0 = Release|Any CPU
	EndGlobalSection
	GlobalSection(SolutionProperties) = preSolution
		HideSolutionNode = FALSE
	EndGlobalSection
	GlobalSection(ExtensibilityGlobals) = postSolution
		SolutionGuid = {AC8EF704-0B71-4F42-B25B-02DF4E655652}
	EndGlobalSection
EndGlobal
